{
  "name": "homey-lib",
  "version": "2.0.0",
  "lockfileVersion": 1,
  "requires": true,
  "dependencies": {
    "ajv": {
      "version": "6.1.1",
      "resolved": "https://registry.npmjs.org/ajv/-/ajv-6.1.1.tgz",
      "integrity": "sha1-l41Zf7wrfQ5aXD3esUmmgvKr+g4=",
      "requires": {
        "fast-deep-equal": "1.0.0",
        "fast-json-stable-stringify": "2.0.0",
        "json-schema-traverse": "0.3.1"
      }
    },
    "fast-deep-equal": {
      "version": "1.0.0",
      "resolved": "https://registry.npmjs.org/fast-deep-equal/-/fast-deep-equal-1.0.0.tgz",
      "integrity": "sha1-liVqO8l1WV6zbYLpkp0GDYk0Of8="
    },
    "fast-json-stable-stringify": {
      "version": "2.0.0",
      "resolved": "https://registry.npmjs.org/fast-json-stable-stringify/-/fast-json-stable-stringify-2.0.0.tgz",
      "integrity": "sha1-1RQsDK7msRifh9OnYREGT4bIu/I="
    },
    "homey-signal-validator": {
      "version": "2.0.4",
      "resolved": "https://registry.npmjs.org/homey-signal-validator/-/homey-signal-validator-2.0.4.tgz",
      "integrity": "sha512-JuQx2AcdBO2oBOIKL0nOCBn4HwFYsWE+DUTnmDhLHsaqIbDSisvXqcQl6/HNbavaYR6yU4wKVExh9OG1sayG0w=="
    },
    "json-schema-traverse": {
      "version": "0.3.1",
      "resolved": "https://registry.npmjs.org/json-schema-traverse/-/json-schema-traverse-0.3.1.tgz",
      "integrity": "sha1-NJptRMU6Ud6JtAgFxdXlm0F9M0A="
    },
    "semver": {
      "version": "5.5.0",
      "resolved": "https://registry.npmjs.org/semver/-/semver-5.5.0.tgz",
      "integrity": "sha512-4SJ3dm0WAwWy/NVeioZh5AntkdJoWKxHxcmyP622fOkgHa4z3R0TdBJICINyaSDE6uNwVc8gZr+ZinwZAH4xIA=="
    }
  }
}
